{
  "name": "glitch-express-server",
  "version": "0.1.0",
  "lockfileVersion": 1,
  "requires": true,
  "dependencies": {
    "axios": {
      "version": "1.19.0",
      "resolved": "https://registry.npmjs.org/axios/-/axios-0.24.0.tgz",
      "integrity": "sha512-2xjjq5sO+M+ZZw6mM48zvjBt09/duwAI7aP9bZsRZn9Mv5w0jxMf7TTEvnNSn1TBp/e/0AdN2RVXTHqN61+KfWw=="
    },
    "body-parser": {
      "version": "1.20.2",
      "resolved": "https://registry.npmjs.org/body-parser/-/body-parser-1.20.2.tgz",
      "integrity": "sha512-URdFJwgb+VRUUgyiz7f/0fu/jX/JA+sYan0lziC9jwdVwqH0J87WgGb0+eWT8c2bX93M7C2Y9PxlXnMABT9BCw==",
      "requires": {
        "bytes": "3.1.0",
        "content-type": "~1.0.4",
        "debug": "2.6.12",
        "depd": "~1.1.2",
        "http-errors": "~1.8.0",
        "iconv-lite": "0.6.3",
        "on-finished": "~2.3.0",
        "qs": "~6.10.1",
        "raw-body": "2.4.1",
        "type-is": "~1.6.3"
      }
    },
    "express": {
      "version": "4.18.2",
      "resolved": "https://registry.npmjs.org/express/-/express-4.18.2.tgz",
      "integrity": "sha512-l7iMKuFq4QXp2lXlPUuPssYGV10xqLE9Td9Jz3rpb6Ve8ToCklFQJzZvfojb9Pzo+7X1ePH0kuC0LC/kBw14gA==",
      "requires": {
        "accepts": "~1.3.7",
        "array-flatten": "1.1.1",
        "body-parser": "1.18.3",
        "content-disposition": "0.5.3",
        "content-type": "~1.0.4",
        "cookie": "0.3.1",
        "cookie-signature": "1.0.6",
        "debug": "2.6.9",
        "depd": "~1.1.2",
        "encodeurl": "~1.0.2",
        "escape-html": "~1.0.3",
        "etag": "~1.8.1",
        "finalhandler": "1.1.2",
        "fresh": "0.5.2",
        "merge-descriptors": "1.0.1",
        "methods": "~1.1.2",
        "on-finished": "~2.3.0",
        "parseurl": "~1.3.3",
        "path-to-regexp": "0.1.7",
        "proxy-addr": "~2.0.6",
        "qs": "6.7.0",
        "range-parser": "~1.2.1",
        "safe-buffer": "5.1.2",
        "send": "0.17.1",
        "serve-static": "1.14.1",
        "setprototypeof": "1.1.1",
        "statuses": "~1.5.0",
        "type-is": "~1.6.18",
        "utils-merge": "1.0.1",
        "vary": "~1.1.2"
      }
    },
    "express-fileupload": {
      "version": "1.4.0",
      "resolved": "https://registry.npmjs.org/express-fileupload/-/express-fileupload-1.4.0.tgz",
      "integrity": "sha512-0HTzNkFqM9GvOVlt0p9KJwPhfg29rPv5THj9myULpUn0y8+Q4XCVS7QxvYfFwI4Mf0t1dLzK3T97bKgd6ux6EXw==",
      "requires": {
        "busboy": "0.3.1"
      }
    },
    "form-data": {
      "version": "4.0.0",
      "resolved": "https://registry.npmjs.org/form-data/-/form-data-4.0.0.tgz",
      "integrity": "sha512-nc6V6+5q6CE6ha5tW6F6cx+39HXl9H3o5J0ByVm5l4D5NRr40xyRvFDBvIKiVYKz7+xBz1GwYOQ1fNQxav3Xx9w==",
      "requires": {
        "asynckit": "^0.4.0",
        "combined-stream": "^1.0.8",
        "mime-types": "^2.1.27"
      }
    },
    "fs": {
      "version": "0.0.1-security",
      "resolved": "https://registry.npmjs.org/fs/-/fs-0.0.1-security.tgz",
      "integrity": "sha1-invTcTqT0BzATkHc8gKP7u6U388="
    },
    "multer": {
      "version": "1.4.4",
      "resolved": "https://registry.npmjs.org/multer/-/multer-1.4.4.tgz",
      "integrity": "sha512-pzHLNWfu9f9VxCp1bceP7OcivE/1C+fpUdDV1+zHrWl6Fn1S0D5vK08g0aTjE1wiRUm3Zz2MB6OpPE4Imk9hyIQ=="
    }
  }
}
